
Microsoft Visual Studio Solution File, Format Version 12.00
Project("{FAE04EC0-301F-11D3-BF4B-00C04F79EFBC}") = "AudioEngineersPlatformBackend.API", "AudioEngineersPlatformBackend.API\AudioEngineersPlatformBackend.API.csproj", "{0ACD8802-4064-4156-B8FE-AFADF0EF3452}"
EndProject
Project("{FAE04EC0-301F-11D3-BF4B-00C04F79EFBC}") = "AudioEngineersPlatformBackend.Application", "AudioEngineersPlatformBackend\AudioEngineersPlatformBackend.Application.csproj", "{BC24CCA0-176C-47DC-B2AC-EB6C1CA01445}"
EndProject
Project("{FAE04EC0-301F-11D3-BF4B-00C04F79EFBC}") = "AudioEngineersPlatformBackend.Core", "AudioEngineersPlatformBackend.Core\AudioEngineersPlatformBackend.Core.csproj", "{F01FA87D-6B47-4049-855B-32F06875C6A4}"
EndProject
Project("{FAE04EC0-301F-11D3-BF4B-00C04F79EFBC}") = "AudioEngineersPlatformBackend.Infrastructure", "AudioEngineersPlatformBackend.Infrastructure\AudioEngineersPlatformBackend.Infrastructure.csproj", "{777A316B-B3D1-47E8-8FEA-CBA8BE1977E3}"
EndProject
Global
	GlobalSection(SolutionConfigurationPlatforms) = preSolution
		Debug|Any CPU = Debug|Any CPU
		Release|Any CPU = Release|Any CPU
	EndGlobalSection
	GlobalSection(ProjectConfigurationPlatforms) = postSolution
		{0ACD8802-4064-4156-B8FE-AFADF0EF3452}.Debug|Any CPU.ActiveCfg = Debug|Any CPU
		{0ACD8802-4064-4156-B8FE-AFADF0EF3452}.Debug|Any CPU.Build.0 = Debug|Any CPU
		{0ACD8802-4064-4156-B8FE-AFADF0EF3452}.Release|Any CPU.ActiveCfg = Release|Any CPU
		{0ACD8802-4064-4156-B8FE-AFADF0EF3452}.Release|Any CPU.Build.0 = Release|Any CPU
		{BC24CCA0-176C-47DC-B2AC-EB6C1CA01445}.Debug|Any CPU.ActiveCfg = Debug|Any CPU
		{BC24CCA0-176C-47DC-B2AC-EB6C1CA01445}.Debug|Any CPU.Build.0 = Debug|Any CPU
		{BC24CCA0-176C-47DC-B2AC-EB6C1CA01445}.Release|Any CPU.ActiveCfg = Release|Any CPU
		{BC24CCA0-176C-47DC-B2AC-EB6C1CA01445}.Release|Any CPU.Build.0 = Release|Any CPU
		{F01FA87D-6B47-4049-855B-32F06875C6A4}.Debug|Any CPU.ActiveCfg = Debug|Any CPU
		{F01FA87D-6B47-4049-855B-32F06875C6A4}.Debug|Any CPU.Build.0 = Debug|Any CPU
		{F01FA87D-6B47-4049-855B-32F06875C6A4}.Release|Any CPU.ActiveCfg = Release|Any CPU
		{F01FA87D-6B47-4049-855B-32F06875C6A4}.Release|Any CPU.Build.0 = Release|Any CPU
		{777A316B-B3D1-47E8-8FEA-CBA8BE1977E3}.Debug|Any CPU.ActiveCfg = Debug|Any CPU
		{777A316B-B3D1-47E8-8FEA-CBA8BE1977E3}.Debug|Any CPU.Build.0 = Debug|Any CPU
		{777A316B-B3D1-47E8-8FEA-CBA8BE1977E3}.Release|Any CPU.ActiveCfg = Release|Any CPU
		{777A316B-B3D1-47E8-8FEA-CBA8BE1977E3}.Release|Any CPU.Build.0 = Release|Any CPU
	EndGlobalSection
EndGlobal
