
Microsoft Visual Studio Solution File, Format Version 12.00
Project("{2150E333-8FDC-42A3-9474-1A3956D46DE8}") = "src", "src", "{E8AC7D5B-238A-4BBA-AE3A-DDDB56190671}"
EndProject
Project("{FAE04EC0-301F-11D3-BF4B-00C04F79EFBC}") = "AudioEngineersPlatformBackend.API", "AudioEngineersPlatformBackend.API\AudioEngineersPlatformBackend.API.csproj", "{6DBE958A-0E89-4AF1-9CA6-E5EC46202D3E}"
EndProject
Project("{FAE04EC0-301F-11D3-BF4B-00C04F79EFBC}") = "AudioEngineersPlatformBackend.Application", "AudioEngineersPlatformBackend.Application\AudioEngineersPlatformBackend.Application.csproj", "{34B5FF54-22D0-4D8D-B439-0F39F4B6AC7A}"
EndProject
Project("{FAE04EC0-301F-11D3-BF4B-00C04F79EFBC}") = "AudioEngineersPlatformBackend.Infrastructure", "AudioEngineersPlatformBackend.Infrastructure\AudioEngineersPlatformBackend.Infrastructure.csproj", "{95E6F712-6FC7-4B52-A89E-8C481F9C4DB4}"
EndProject
Project("{FAE04EC0-301F-11D3-BF4B-00C04F79EFBC}") = "AudioEngineersPlatformBackend.Domain", "AudioEngineersPlatformBackend.Domain\AudioEngineersPlatformBackend.Domain.csproj", "{FC6AE930-AAEB-47E0-82DC-6A559714074C}"
EndProject
Project("{FAE04EC0-301F-11D3-BF4B-00C04F79EFBC}") = "AudioEngineersPlatformBackend.Contracts", "AudioEngineersPlatformBackend.Contracts\AudioEngineersPlatformBackend.Contracts.csproj", "{E0B2BE5E-BC5A-40F9-A2D2-8F777499ABB8}"
EndProject
Project("{FAE04EC0-301F-11D3-BF4B-00C04F79EFBC}") = "AudioEngineersPlatformBackend.Shared", "AudioEngineersPlatformBackend.Shared\AudioEngineersPlatformBackend.Shared.csproj", "{1721EB34-DDAF-4D99-A4B6-9B53E87E557E}"
EndProject
Project("{FAE04EC0-301F-11D3-BF4B-00C04F79EFBC}") = "AudioEngineersPlatformBackend.Tests", "AudioEngineersPlatformBackend.Tests\AudioEngineersPlatformBackend.Tests.csproj", "{1CE26C90-9426-4125-99AF-3193FEFF7AAA}"
EndProject
Global
	GlobalSection(SolutionConfigurationPlatforms) = preSolution
		Debug|Any CPU = Debug|Any CPU
		Release|A ny CPU = Release|Any CPU
	EndGlobalSection
	GlobalSection(ProjectConfigurationPlatforms) = postSolution
		{6DBE958A-0E89-4AF1-9CA6-E5EC46202D3E}.Debug|Any CPU.ActiveCfg = Debug|Any CPU
		{6DBE958A-0E89-4AF1-9CA6-E5EC46202D3E}.Debug|Any CPU.Build.0 = Debug|Any CPU
		{6DBE958A-0E89-4AF1-9CA6-E5EC46202D3E}.Release|Any CPU.ActiveCfg = Release|Any CPU
		{6DBE958A-0E89-4AF1-9CA6-E5EC46202D3E}.Release|Any CPU.Build.0 = Release|Any CPU
		{34B5FF54-22D0-4D8D-B439-0F39F4B6AC7A}.Debug|Any CPU.ActiveCfg = Debug|Any CPU
		{34B5FF54-22D0-4D8D-B439-0F39F4B6AC7A}.Debug|Any CPU.Build.0 = Debug|Any CPU
		{34B5FF54-22D0-4D8D-B439-0F39F4B6AC7A}.Release|Any CPU.ActiveCfg = Release|Any CPU
		{34B5FF54-22D0-4D8D-B439-0F39F4B6AC7A}.Release|Any CPU.Build.0 = Release|Any CPU
		{95E6F712-6FC7-4B52-A89E-8C481F9C4DB4}.Debug|Any CPU.ActiveCfg = Debug|Any CPU
		{95E6F712-6FC7-4B52-A89E-8C481F9C4DB4}.Debug|Any CPU.Build.0 = Debug|Any CPU
		{95E6F712-6FC7-4B52-A89E-8C481F9C4DB4}.Release|Any CPU.ActiveCfg = Release|Any CPU
		{95E6F712-6FC7-4B52-A89E-8C481F9C4DB4}.Release|Any CPU.Build.0 = Release|Any CPU
		{FC6AE930-AAEB-47E0-82DC-6A559714074C}.Debug|Any CPU.ActiveCfg = Debug|Any CPU
		{FC6AE930-AAEB-47E0-82DC-6A559714074C}.Debug|Any CPU.Build.0 = Debug|Any CPU
		{FC6AE930-AAEB-47E0-82DC-6A559714074C}.Release|Any CPU.ActiveCfg = Release|Any CPU
		{FC6AE930-AAEB-47E0-82DC-6A559714074C}.Release|Any CPU.Build.0 = Release|Any CPU
		{E0B2BE5E-BC5A-40F9-A2D2-8F777499ABB8}.Debug|Any CPU.ActiveCfg = Debug|Any CPU
		{E0B2BE5E-BC5A-40F9-A2D2-8F777499ABB8}.Debug|Any CPU.Build.0 = Debug|Any CPU
		{E0B2BE5E-BC5A-40F9-A2D2-8F777499ABB8}.Release|Any CPU.ActiveCfg = Release|Any CPU
		{E0B2BE5E-BC5A-40F9-A2D2-8F777499ABB8}.Release|Any CPU.Build.0 = Release|Any CPU
		{1721EB34-DDAF-4D99-A4B6-9B53E87E557E}.Debug|Any CPU.ActiveCfg = Debug|Any CPU
		{1721EB34-DDAF-4D99-A4B6-9B53E87E557E}.Debug|Any CPU.Build.0 = Debug|Any CPU
		{1721EB34-DDAF-4D99-A4B6-9B53E87E557E}.Release|Any CPU.ActiveCfg = Release|Any CPU
		{1721EB34-DDAF-4D99-A4B6-9B53E87E557E}.Release|Any CPU.Build.0 = Release|Any CPU
		{1CE26C90-9426-4125-99AF-3193FEFF7AAA}.Debug|Any CPU.ActiveCfg = Debug|Any CPU
		{1CE26C90-9426-4125-99AF-3193FEFF7AAA}.Debug|Any CPU.Build.0 = Debug|Any CPU
		{1CE26C90-9426-4125-99AF-3193FEFF7AAA}.Release|A ny CPU.ActiveCfg = Release|Any CPU
		{1CE26C90-9426-4125-99AF-3193FEFF7AAA}.Release|A ny CPU.Build.0 = Release|Any CPU
	EndGlobalSection
	GlobalSection(NestedProjects) = preSolution
		{6DBE958A-0E89-4AF1-9CA6-E5EC46202D3E} = {E8AC7D5B-238A-4BBA-AE3A-DDDB56190671}
		{34B5FF54-22D0-4D8D-B439-0F39F4B6AC7A} = {E8AC7D5B-238A-4BBA-AE3A-DDDB56190671}
		{95E6F712-6FC7-4B52-A89E-8C481F9C4DB4} = {E8AC7D5B-238A-4BBA-AE3A-DDDB56190671}
		{FC6AE930-AAEB-47E0-82DC-6A559714074C} = {E8AC7D5B-238A-4BBA-AE3A-DDDB56190671}
		{E0B2BE5E-BC5A-40F9-A2D2-8F777499ABB8} = {E8AC7D5B-238A-4BBA-AE3A-DDDB56190671}
		{1721EB34-DDAF-4D99-A4B6-9B53E87E557E} = {E8AC7D5B-238A-4BBA-AE3A-DDDB56190671}
		{1CE26C90-9426-4125-99AF-3193FEFF7AAA} = {E8AC7D5B-238A-4BBA-AE3A-DDDB56190671}
	EndGlobalSection
EndGlobal
